
Microsoft Visual Studio Solution File, Format Version 12.00
Project("{FAE04EC0-301F-11D3-BF4B-00C04F79EFBC}") = "Anagram.UI", "Anagram.UI\Anagram.UI.csproj", "{BF687EAF-A4CA-4DF5-9F82-D4EB0F870732}"
EndProject
Project("{FAE04EC0-301F-11D3-BF4B-00C04F79EFBC}") = "Anagram.BL", "Anagram.BL\Anagram.BL.csproj", "{10856F43-BD7A-42DA-B8A4-50CAABB7E49B}"
EndProject
Project("{FAE04EC0-301F-11D3-BF4B-00C04F79EFBC}") = "Anagram.Test", "Anagram.Test\Anagram.Test.csproj", "{FDE76D96-34E4-48F3-B759-82C6E27086E6}"
EndProject
Global
	GlobalSection(SolutionConfigurationPlatforms) = preSolution
		Debug|Any CPU = Debug|Any CPU
		Release|Any CPU = Release|Any CPU
	EndGlobalSection
	GlobalSection(ProjectConfigurationPlatforms) = postSolution
		{BF687EAF-A4CA-4DF5-9F82-D4EB0F870732}.Debug|Any CPU.ActiveCfg = Debug|Any CPU
		{BF687EAF-A4CA-4DF5-9F82-D4EB0F870732}.Debug|Any CPU.Build.0 = Debug|Any CPU
		{BF687EAF-A4CA-4DF5-9F82-D4EB0F870732}.Release|Any CPU.ActiveCfg = Release|Any CPU
		{BF687EAF-A4CA-4DF5-9F82-D4EB0F870732}.Release|Any CPU.Build.0 = Release|Any CPU
		{10856F43-BD7A-42DA-B8A4-50CAABB7E49B}.Debug|Any CPU.ActiveCfg = Debug|Any CPU
		{10856F43-BD7A-42DA-B8A4-50CAABB7E49B}.Debug|Any CPU.Build.0 = Debug|Any CPU
		{10856F43-BD7A-42DA-B8A4-50CAABB7E49B}.Release|Any CPU.ActiveCfg = Release|Any CPU
		{10856F43-BD7A-42DA-B8A4-50CAABB7E49B}.Release|Any CPU.Build.0 = Release|Any CPU
		{FDE76D96-34E4-48F3-B759-82C6E27086E6}.Debug|Any CPU.ActiveCfg = Debug|Any CPU
		{FDE76D96-34E4-48F3-B759-82C6E27086E6}.Debug|Any CPU.Build.0 = Debug|Any CPU
		{FDE76D96-34E4-48F3-B759-82C6E27086E6}.Release|Any CPU.ActiveCfg = Release|Any CPU
		{FDE76D96-34E4-48F3-B759-82C6E27086E6}.Release|Any CPU.Build.0 = Release|Any CPU
	EndGlobalSection
EndGlobal
